// !$*UTF8*$!
{
	archiveVersion = 1;
	classes = {
	};
	objectVersion = 46;
	objects = {

/* Begin PBXBuildFile section */
		0E882AC21C323210004285C0 /* AppDelegate.swift in Sources */ = {isa = PBXBuildFile; fileRef = 0E882AC11C323210004285C0 /* AppDelegate.swift */; };
		0E882AC41C323210004285C0 /* ViewController.swift in Sources */ = {isa = PBXBuildFile; fileRef = 0E882AC31C323210004285C0 /* ViewController.swift */; };
		0E882AC71C323210004285C0 /* Main.storyboard in Resources */ = {isa = PBXBuildFile; fileRef = 0E882AC51C323210004285C0 /* Main.storyboard */; };
		0E882AC91C323210004285C0 /* Assets.xcassets in Resources */ = {isa = PBXBuildFile; fileRef = 0E882AC81C323210004285C0 /* Assets.xcassets */; };
		0E882ACC1C323210004285C0 /* LaunchScreen.storyboard in Resources */ = {isa = PBXBuildFile; fileRef = 0E882ACA1C323210004285C0 /* LaunchScreen.storyboard */; };
		0E882AD71C323210004285C0 /* GraphingCalculatorTests.swift in Sources */ = {isa = PBXBuildFile; fileRef = 0E882AD61C323210004285C0 /* GraphingCalculatorTests.swift */; };
		0E882AE21C323210004285C0 /* GraphingCalculatorUITests.swift in Sources */ = {isa = PBXBuildFile; fileRef = 0E882AE11C323210004285C0 /* GraphingCalculatorUITests.swift */; };
/* End PBXBuildFile section */

/* Begin PBXContainerItemProxy section */
		0E882AD31C323210004285C0 /* PBXContainerItemProxy */ = {
			isa = PBXContainerItemProxy;
			containerPortal = 0E882AB61C323210004285C0 /* Project object */;
			proxyType = 1;
			remoteGlobalIDString = 0E882ABD1C323210004285C0;
			remoteInfo = GraphingCalculator;
		};
		0E882ADE1C323210004285C0 /* PBXContainerItemProxy */ = {
			isa = PBXContainerItemProxy;
			containerPortal = 0E882AB61C323210004285C0 /* Project object */;
			proxyType = 1;
			remoteGlobalIDString = 0E882ABD1C323210004285C0;
			remoteInfo = GraphingCalculator;
		};
/* End PBXContainerItemProxy section */

/* Begin PBXFileReference section */
		0E882ABE1C323210004285C0 /* GraphingCalculator.app */ = {isa = PBXFileReference; explicitFileType = wrapper.application; includeInIndex = 0; path = GraphingCalculator.app; sourceTree = BUILT_PRODUCTS_DIR; };
		0E882AC11C323210004285C0 /* AppDelegate.swift */ = {isa = PBXFileReference; lastKnownFileType = sourcecode.swift; path = AppDelegate.swift; sourceTree = "<group>"; };
		0E882AC31C323210004285C0 /* ViewController.swift */ = {isa = PBXFileReference; lastKnownFileType = sourcecode.swift; path = ViewController.swift; sourceTree = "<group>"; };
		0E882AC61C323210004285C0 /* Base */ = {isa = PBXFileReference; lastKnownFileType = file.storyboard; name = Base; path = Base.lproj/Main.storyboard; sourceTree = "<group>"; };
		0E882AC81C323210004285C0 /* Assets.xcassets */ = {isa = PBXFileReference; lastKnownFileType = folder.assetcatalog; path = Assets.xcassets; sourceTree = "<group>"; };
		0E882ACB1C323210004285C0 /* Base */ = {isa = PBXFileReference; lastKnownFileType = file.storyboard; name = Base; path = Base.lproj/LaunchScreen.storyboard; sourceTree = "<group>"; };
		0E882ACD1C323210004285C0 /* Info.plist */ = {isa = PBXFileReference; lastKnownFileType = text.plist.xml; path = Info.plist; sourceTree = "<group>"; };
		0E882AD21C323210004285C0 /* GraphingCalculatorTests.xctest */ = {isa = PBXFileReference; explicitFileType = wrapper.cfbundle; includeInIndex = 0; path = GraphingCalculatorTests.xctest; sourceTree = BUILT_PRODUCTS_DIR; };
		0E882AD61C323210004285C0 /* GraphingCalculatorTests.swift */ = {isa = PBXFileReference; lastKnownFileType = sourcecode.swift; path = GraphingCalculatorTests.swift; sourceTree = "<group>"; };
		0E882AD81C323210004285C0 /* Info.plist */ = {isa = PBXFileReference; lastKnownFileType = text.plist.xml; path = Info.plist; sourceTree = "<group>"; };
		0E882ADD1C323210004285C0 /* GraphingCalculatorUITests.xctest */ = {isa = PBXFileReference; explicitFileType = wrapper.cfbundle; includeInIndex = 0; path = GraphingCalculatorUITests.xctest; sourceTree = BUILT_PRODUCTS_DIR; };
		0E882AE11C323210004285C0 /* GraphingCalculatorUITests.swift */ = {isa = PBXFileReference; lastKnownFileType = sourcecode.swift; path = GraphingCalculatorUITests.swift; sourceTree = "<group>"; };
		0E882AE31C323210004285C0 /* Info.plist */ = {isa = PBXFileReference; lastKnownFileType = text.plist.xml; path = Info.plist; sourceTree = "<group>"; };
/* End PBXFileReference section */

/* Begin PBXFrameworksBuildPhase section */
		0E882ABB1C323210004285C0 /* Frameworks */ = {
			isa = PBXFrameworksBuildPhase;
			buildActionMask = 2147483647;
			files = (
			);
			runOnlyForDeploymentPostprocessing = 0;
		};
		0E882ACF1C323210004285C0 /* Frameworks */ = {
			isa = PBXFrameworksBuildPhase;
			buildActionMask = 2147483647;
			files = (
			);
			runOnlyForDeploymentPostprocessing = 0;
		};
		0E882ADA1C323210004285C0 /* Frameworks */ = {
			isa = PBXFrameworksBuildPhase;
			buildActionMask = 2147483647;
			files = (
			);
			runOnlyForDeploymentPostprocessing = 0;
		};
/* End PBXFrameworksBuildPhase section */

/* Begin PBXGroup section */
		0E882AB51C323210004285C0 = {
			isa = PBXGroup;
			children = (
				0E882AC01C323210004285C0 /* GraphingCalculator */,
				0E882AD51C323210004285C0 /* GraphingCalculatorTests */,
				0E882AE01C323210004285C0 /* GraphingCalculatorUITests */,
				0E882ABF1C323210004285C0 /* Products */,
			);
			sourceTree = "<group>";
		};
		0E882ABF1C323210004285C0 /* Products */ = {
			isa = PBXGroup;
			children = (
				0E882ABE1C323210004285C0 /* GraphingCalculator.app */,
				0E882AD21C323210004285C0 /* GraphingCalculatorTests.xctest */,
				0E882ADD1C323210004285C0 /* GraphingCalculatorUITests.xctest */,
			);
			name = Products;
			sourceTree = "<group>";
		};
		0E882AC01C323210004285C0 /* GraphingCalculator */ = {
			isa = PBXGroup;
			children = (
				0E882AC11C323210004285C0 /* AppDelegate.swift */,
				0E882AC31C323210004285C0 /* ViewController.swift */,
				0E882AC51C323210004285C0 /* Main.storyboard */,
				0E882AC81C323210004285C0 /* Assets.xcassets */,
				0E882ACA1C323210004285C0 /* LaunchScreen.storyboard */,
				0E882ACD1C323210004285C0 /* Info.plist */,
			);
			path = GraphingCalculator;
			sourceTree = "<group>";
		};
		0E882AD51C323210004285C0 /* GraphingCalculatorTests */ = {
			isa = PBXGroup;
			children = (
				0E882AD61C323210004285C0 /* GraphingCalculatorTests.swift */,
				0E882AD81C323210004285C0 /* Info.plist */,
			);
			path = GraphingCalculatorTests;
			sourceTree = "<group>";
		};
		0E882AE01C323210004285C0 /* GraphingCalculatorUITests */ = {
			isa = PBXGroup;
			children = (
				0E882AE11C323210004285C0 /* GraphingCalculatorUITests.swift */,
				0E882AE31C323210004285C0 /* Info.plist */,
			);
			path = GraphingCalculatorUITests;
			sourceTree = "<group>";
		};
/* End PBXGroup section */

/* Begin PBXNativeTarget section */
		0E882ABD1C323210004285C0 /* GraphingCalculator */ = {
			isa = PBXNativeTarget;
			buildConfigurationList = 0E882AE61C323210004285C0 /* Build configuration list for PBXNativeTarget "GraphingCalculator" */;
			buildPhases = (
				0E882ABA1C323210004285C0 /* Sources */,
				0E882ABB1C323210004285C0 /* Frameworks */,
				0E882ABC1C323210004285C0 /* Resources */,
			);
			buildRules = (
			);
			dependencies = (
			);
			name = GraphingCalculator;
			productName = GraphingCalculator;
			productReference = 0E882ABE1C323210004285C0 /* GraphingCalculator.app */;
			productType = "com.apple.product-type.application";
		};
		0E882AD11C323210004285C0 /* GraphingCalculatorTests */ = {
			isa = PBXNativeTarget;
			buildConfigurationList = 0E882AE91C323210004285C0 /* Build configuration list for PBXNativeTarget "GraphingCalculatorTests" */;
			buildPhases = (
				0E882ACE1C323210004285C0 /* Sources */,
				0E882ACF1C323210004285C0 /* Frameworks */,
				0E882AD01C323210004285C0 /* Resources */,
			);
			buildRules = (
			);
			dependencies = (
				0E882AD41C323210004285C0 /* PBXTargetDependency */,
			);
			name = GraphingCalculatorTests;
			productName = GraphingCalculatorTests;
			productReference = 0E882AD21C323210004285C0 /* GraphingCalculatorTests.xctest */;
			productType = "com.apple.product-type.bundle.unit-test";
		};
		0E882ADC1C323210004285C0 /* GraphingCalculatorUITests */ = {
			isa = PBXNativeTarget;
			buildConfigurationList = 0E882AEC1C323210004285C0 /* Build configuration list for PBXNativeTarget "GraphingCalculatorUITests" */;
			buildPhases = (
				0E882AD91C323210004285C0 /* Sources */,
				0E882ADA1C323210004285C0 /* Frameworks */,
				0E882ADB1C323210004285C0 /* Resources */,
			);
			buildRules = (
			);
			dependencies = (
				0E882ADF1C323210004285C0 /* PBXTargetDependency */,
			);
			name = GraphingCalculatorUITests;
			productName = GraphingCalculatorUITests;
			productReference = 0E882ADD1C323210004285C0 /* GraphingCalculatorUITests.xctest */;
			productType = "com.apple.product-type.bundle.ui-testing";
		};
/* End PBXNativeTarget section */

/* Begin PBXProject section */
		0E882AB61C323210004285C0 /* Project object */ = {
			isa = PBXProject;
			attributes = {
				LastSwiftUpdateCheck = 0720;
				LastUpgradeCheck = 0720;
				ORGANIZATIONNAME = "Olesia Kalashnik";
				TargetAttributes = {
					0E882ABD1C323210004285C0 = {
						CreatedOnToolsVersion = 7.2;
					};
					0E882AD11C323210004285C0 = {
						CreatedOnToolsVersion = 7.2;
						TestTargetID = 0E882ABD1C323210004285C0;
					};
					0E882ADC1C323210004285C0 = {
						CreatedOnToolsVersion = 7.2;
						TestTargetID = 0E882ABD1C323210004285C0;
					};
				};
			};
			buildConfigurationList = 0E882AB91C323210004285C0 /* Build configuration list for PBXProject "GraphingCalculator" */;
			compatibilityVersion = "Xcode 3.2";
			developmentRegion = English;
			hasScannedForEncodings = 0;
			knownRegions = (
				en,
				Base,
			);
			mainGroup = 0E882AB51C323210004285C0;
			productRefGroup = 0E882ABF1C323210004285C0 /* Products */;
			projectDirPath = "";
			projectRoot = "";
			targets = (
				0E882ABD1C323210004285C0 /* GraphingCalculator */,
				0E882AD11C323210004285C0 /* GraphingCalculatorTests */,
				0E882ADC1C323210004285C0 /* GraphingCalculatorUITests */,
			);
		};
/* End PBXProject section */

/* Begin PBXResourcesBuildPhase section */
		0E882ABC1C323210004285C0 /* Resources */ = {
			isa = PBXResourcesBuildPhase;
			buildActionMask = 2147483647;
			files = (
				0E882ACC1C323210004285C0 /* LaunchScreen.storyboard in Resources */,
				0E882AC91C323210004285C0 /* Assets.xcassets in Resources */,
				0E882AC71C323210004285C0 /* Main.storyboard in Resources */,
			);
			runOnlyForDeploymentPostprocessing = 0;
		};
		0E882AD01C323210004285C0 /* Resources */ = {
			isa = PBXResourcesBuildPhase;
			buildActionMask = 2147483647;
			files = (
			);
			runOnlyForDeploymentPostprocessing = 0;
		};
		0E882ADB1C323210004285C0 /* Resources */ = {
			isa = PBXResourcesBuildPhase;
			buildActionMask = 2147483647;
			files = (
			);
			runOnlyForDeploymentPostprocessing = 0;
		};
/* End PBXResourcesBuildPhase section */

/* Begin PBXSourcesBuildPhase section */
		0E882ABA1C323210004285C0 /* Sources */ = {
			isa = PBXSourcesBuildPhase;
			buildActionMask = 2147483647;
			files = (
				0E882AC41C323210004285C0 /* ViewController.swift in Sources */,
				0E882AC21C323210004285C0 /* AppDelegate.swift in Sources */,
			);
			runOnlyForDeploymentPostprocessing = 0;
		};
		0E882ACE1C323210004285C0 /* Sources */ = {
			isa = PBXSourcesBuildPhase;
			buildActionMask = 2147483647;
			files = (
				0E882AD71C323210004285C0 /* GraphingCalculatorTests.swift in Sources */,
			);
			runOnlyForDeploymentPostprocessing = 0;
		};
		0E882AD91C323210004285C0 /* Sources */ = {
			isa = PBXSourcesBuildPhase;
			buildActionMask = 2147483647;
			files = (
				0E882AE21C323210004285C0 /* GraphingCalculatorUITests.swift in Sources */,
			);
			runOnlyForDeploymentPostprocessing = 0;
		};
/* End PBXSourcesBuildPhase section */

/* Begin PBXTargetDependency section */
		0E882AD41C323210004285C0 /* PBXTargetDependency */ = {
			isa = PBXTargetDependency;
			target = 0E882ABD1C323210004285C0 /* GraphingCalculator */;
			targetProxy = 0E882AD31C323210004285C0 /* PBXContainerItemProxy */;
		};
		0E882ADF1C323210004285C0 /* PBXTargetDependency */ = {
			isa = PBXTargetDependency;
			target = 0E882ABD1C323210004285C0 /* GraphingCalculator */;
			targetProxy = 0E882ADE1C323210004285C0 /* PBXContainerItemProxy */;
		};
/* End PBXTargetDependency section */

/* Begin PBXVariantGroup section */
		0E882AC51C323210004285C0 /* Main.storyboard */ = {
			isa = PBXVariantGroup;
			children = (
				0E882AC61C323210004285C0 /* Base */,
			);
			name = Main.storyboard;
			sourceTree = "<group>";
		};
		0E882ACA1C323210004285C0 /* LaunchScreen.storyboard */ = {
			isa = PBXVariantGroup;
			children = (
				0E882ACB1C323210004285C0 /* Base */,
			);
			name = LaunchScreen.storyboard;
			sourceTree = "<group>";
		};
/* End PBXVariantGroup section */

/* Begin XCBuildConfiguration section */
		0E882AE41C323210004285C0 /* Debug */ = {
			isa = XCBuildConfiguration;
			buildSettings = {
				ALWAYS_SEARCH_USER_PATHS = NO;
				CLANG_CXX_LANGUAGE_STANDARD = "gnu++0x";
				CLANG_CXX_LIBRARY = "libc++";
				CLANG_ENABLE_MODULES = YES;
				CLANG_ENABLE_OBJC_ARC = YES;
				CLANG_WARN_BOOL_CONVERSION = YES;
				CLANG_WARN_CONSTANT_CONVERSION = YES;
				CLANG_WARN_DIRECT_OBJC_ISA_USAGE = YES_ERROR;
				CLANG_WARN_EMPTY_BODY = YES;
				CLANG_WARN_ENUM_CONVERSION = YES;
				CLANG_WARN_INT_CONVERSION = YES;
				CLANG_WARN_OBJC_ROOT_CLASS = YES_ERROR;
				CLANG_WARN_UNREACHABLE_CODE = YES;
				CLANG_WARN__DUPLICATE_METHOD_MATCH = YES;
				"CODE_SIGN_IDENTITY[sdk=iphoneos*]" = "iPhone Developer";
				COPY_PHASE_STRIP = NO;
				DEBUG_INFORMATION_FORMAT = dwarf;
				ENABLE_STRICT_OBJC_MSGSEND = YES;
				ENABLE_TESTABILITY = YES;
				GCC_C_LANGUAGE_STANDARD = gnu99;
				GCC_DYNAMIC_NO_PIC = NO;
				GCC_NO_COMMON_BLOCKS = YES;
				GCC_OPTIMIZATION_LEVEL = 0;
				GCC_PREPROCESSOR_DEFINITIONS = (
					"DEBUG=1",
					"$(inherited)",
				);
				GCC_WARN_64_TO_32_BIT_CONVERSION = YES;
				GCC_WARN_ABOUT_RETURN_TYPE = YES_ERROR;
				GCC_WARN_UNDECLARED_SELECTOR = YES;
				GCC_WARN_UNINITIALIZED_AUTOS = YES_AGGRESSIVE;
				GCC_WARN_UNUSED_FUNCTION = YES;
				GCC_WARN_UNUSED_VARIABLE = YES;
				IPHONEOS_DEPLOYMENT_TARGET = 9.2;
				MTL_ENABLE_DEBUG_INFO = YES;
				ONLY_ACTIVE_ARCH = YES;
				SDKROOT = iphoneos;
				SWIFT_OPTIMIZATION_LEVEL = "-Onone";
				TARGETED_DEVICE_FAMILY = "1,2";
			};
			name = Debug;
		};
		0E882AE51C323210004285C0 /* Release */ = {
			isa = XCBuildConfiguration;
			buildSettings = {
				ALWAYS_SEARCH_USER_PATHS = NO;
				CLANG_CXX_LANGUAGE_STANDARD = "gnu++0x";
				CLANG_CXX_LIBRARY = "libc++";
				CLANG_ENABLE_MODULES = YES;
				CLANG_ENABLE_OBJC_ARC = YES;
				CLANG_WARN_BOOL_CONVERSION = YES;
				CLANG_WARN_CONSTANT_CONVERSION = YES;
				CLANG_WARN_DIRECT_OBJC_ISA_USAGE = YES_ERROR;
				CLANG_WARN_EMPTY_BODY = YES;
				CLANG_WARN_ENUM_CONVERSION = YES;
				CLANG_WARN_INT_CONVERSION = YES;
				CLANG_WARN_OBJC_ROOT_CLASS = YES_ERROR;
				CLANG_WARN_UNREACHABLE_CODE = YES;
				CLANG_WARN__DUPLICATE_METHOD_MATCH = YES;
				"CODE_SIGN_IDENTITY[sdk=iphoneos*]" = "iPhone Developer";
				COPY_PHASE_STRIP = NO;
				DEBUG_INFORMATION_FORMAT = "dwarf-with-dsym";
				ENABLE_NS_ASSERTIONS = NO;
				ENABLE_STRICT_OBJC_MSGSEND = YES;
				GCC_C_LANGUAGE_STANDARD = gnu99;
				GCC_NO_COMMON_BLOCKS = YES;
				GCC_WARN_64_TO_32_BIT_CONVERSION = YES;
				GCC_WARN_ABOUT_RETURN_TYPE = YES_ERROR;
				GCC_WARN_UNDECLARED_SELECTOR = YES;
				GCC_WARN_UNINITIALIZED_AUTOS = YES_AGGRESSIVE;
				GCC_WARN_UNUSED_FUNCTION = YES;
				GCC_WARN_UNUSED_VARIABLE = YES;
				IPHONEOS_DEPLOYMENT_TARGET = 9.2;
				MTL_ENABLE_DEBUG_INFO = NO;
				SDKROOT = iphoneos;
				TARGETED_DEVICE_FAMILY = "1,2";
				VALIDATE_PRODUCT = YES;
			};
			name = Release;
		};
		0E882AE71C323210004285C0 /* Debug */ = {
			isa = XCBuildConfiguration;
			buildSettings = {
				ASSETCATALOG_COMPILER_APPICON_NAME = AppIcon;
				INFOPLIST_FILE = GraphingCalculator/Info.plist;
				LD_RUNPATH_SEARCH_PATHS = "$(inherited) @executable_path/Frameworks";
				PRODUCT_BUNDLE_IDENTIFIER = ok.GraphingCalculator;
				PRODUCT_NAME = "$(TARGET_NAME)";
			};
			name = Debug;
		};
		0E882AE81C323210004285C0 /* Release */ = {
			isa = XCBuildConfiguration;
			buildSettings = {
				ASSETCATALOG_COMPILER_APPICON_NAME = AppIcon;
				INFOPLIST_FILE = GraphingCalculator/Info.plist;
				LD_RUNPATH_SEARCH_PATHS = "$(inherited) @executable_path/Frameworks";
				PRODUCT_BUNDLE_IDENTIFIER = ok.GraphingCalculator;
				PRODUCT_NAME = "$(TARGET_NAME)";
			};
			name = Release;
		};
		0E882AEA1C323210004285C0 /* Debug */ = {
			isa = XCBuildConfiguration;
			buildSettings = {
				BUNDLE_LOADER = "$(TEST_HOST)";
				INFOPLIST_FILE = GraphingCalculatorTests/Info.plist;
				LD_RUNPATH_SEARCH_PATHS = "$(inherited) @executable_path/Frameworks @loader_path/Frameworks";
				PRODUCT_BUNDLE_IDENTIFIER = ok.GraphingCalculatorTests;
				PRODUCT_NAME = "$(TARGET_NAME)";
				TEST_HOST = "$(BUILT_PRODUCTS_DIR)/GraphingCalculator.app/GraphingCalculator";
			};
			name = Debug;
		};
		0E882AEB1C323210004285C0 /* Release */ = {
			isa = XCBuildConfiguration;
			buildSettings = {
				BUNDLE_LOADER = "$(TEST_HOST)";
				INFOPLIST_FILE = GraphingCalculatorTests/Info.plist;
				LD_RUNPATH_SEARCH_PATHS = "$(inherited) @executable_path/Frameworks @loader_path/Frameworks";
				PRODUCT_BUNDLE_IDENTIFIER = ok.GraphingCalculatorTests;
				PRODUCT_NAME = "$(TARGET_NAME)";
				TEST_HOST = "$(BUILT_PRODUCTS_DIR)/GraphingCalculator.app/GraphingCalculator";
			};
			name = Release;
		};
		0E882AED1C323210004285C0 /* Debug */ = {
			isa = XCBuildConfiguration;
			buildSettings = {
				INFOPLIST_FILE = GraphingCalculatorUITests/Info.plist;
				LD_RUNPATH_SEARCH_PATHS = "$(inherited) @executable_path/Frameworks @loader_path/Frameworks";
				PRODUCT_BUNDLE_IDENTIFIER = ok.GraphingCalculatorUITests;
				PRODUCT_NAME = "$(TARGET_NAME)";
				TEST_TARGET_NAME = GraphingCalculator;
				USES_XCTRUNNER = YES;
			};
			name = Debug;
		};
		0E882AEE1C323210004285C0 /* Release */ = {
			isa = XCBuildConfiguration;
			buildSettings = {
				INFOPLIST_FILE = GraphingCalculatorUITests/Info.plist;
				LD_RUNPATH_SEARCH_PATHS = "$(inherited) @executable_path/Frameworks @loader_path/Frameworks";
				PRODUCT_BUNDLE_IDENTIFIER = ok.GraphingCalculatorUITests;
				PRODUCT_NAME = "$(TARGET_NAME)";
				TEST_TARGET_NAME = GraphingCalculator;
				USES_XCTRUNNER = YES;
			};
			name = Release;
		};
/* End XCBuildConfiguration section */

/* Begin XCConfigurationList section */
		0E882AB91C323210004285C0 /* Build configuration list for PBXProject "GraphingCalculator" */ = {
			isa = XCConfigurationList;
			buildConfigurations = (
				0E882AE41C323210004285C0 /* Debug */,
				0E882AE51C323210004285C0 /* Release */,
			);
			defaultConfigurationIsVisible = 0;
			defaultConfigurationName = Release;
		};
		0E882AE61C323210004285C0 /* Build configuration list for PBXNativeTarget "GraphingCalculator" */ = {
			isa = XCConfigurationList;
			buildConfigurations = (
				0E882AE71C323210004285C0 /* Debug */,
				0E882AE81C323210004285C0 /* Release */,
			);
			defaultConfigurationIsVisible = 0;
		};
		0E882AE91C323210004285C0 /* Build configuration list for PBXNativeTarget "GraphingCalculatorTests" */ = {
			isa = XCConfigurationList;
			buildConfigurations = (
				0E882AEA1C323210004285C0 /* Debug */,
				0E882AEB1C323210004285C0 /* Release */,
			);
			defaultConfigurationIsVisible = 0;
		};
		0E882AEC1C323210004285C0 /* Build configuration list for PBXNativeTarget "GraphingCalculatorUITests" */ = {
			isa = XCConfigurationList;
			buildConfigurations = (
				0E882AED1C323210004285C0 /* Debug */,
				0E882AEE1C323210004285C0 /* Release */,
			);
			defaultConfigurationIsVisible = 0;
		};
/* End XCConfigurationList section */
	};
	rootObject = 0E882AB61C323210004285C0 /* Project object */;
}
